<Solution>
  <Folder Name="/docs/">
    <File Path="docs/1-PHASES.md" />
  </Folder>
  <Folder Name="/src/">
    <Project Path="src/DotnetFoundation.API/DotnetFoundation.API.csproj" />
    <Project Path="src/DotnetFoundation.Application/DotnetFoundation.Application.csproj" />
    <Project Path="src/DotnetFoundation.Domain/DotnetFoundation.Domain.csproj" />
    <Project Path="src/DotnetFoundation.Infrastructure/DotnetFoundation.Infrastructure.csproj" />
  </Folder>
  <Folder Name="/tests/">
    <Project Path="tests/DotnetFoundation.IntegrationTests/Menuhat.IntegrationTests.csproj" />
    <Project Path="tests/DotnetFoundation.UnitTests/Menuhat.UnitTests.csproj" />
  </Folder>
</Solution>
